// !$*UTF8*$!
{
	archiveVersion = 1;
	classes = {
	};
	objectVersion = 46;
	objects = {

/* Begin PBXBuildFile section */
		82111F1F1D78664D00AF97C2 /* AppDelegate.swift in Sources */ = {isa = PBXBuildFile; fileRef = 82111F1E1D78664D00AF97C2 /* AppDelegate.swift */; };
		82111F211D78664D00AF97C2 /* ViewController.swift in Sources */ = {isa = PBXBuildFile; fileRef = 82111F201D78664D00AF97C2 /* ViewController.swift */; };
		82111F241D78664D00AF97C2 /* Main.storyboard in Resources */ = {isa = PBXBuildFile; fileRef = 82111F221D78664D00AF97C2 /* Main.storyboard */; };
		82111F271D78664D00AF97C2 /* MappyCraps.xcdatamodeld in Sources */ = {isa = PBXBuildFile; fileRef = 82111F251D78664D00AF97C2 /* MappyCraps.xcdatamodeld */; };
		82111F291D78664D00AF97C2 /* Assets.xcassets in Resources */ = {isa = PBXBuildFile; fileRef = 82111F281D78664D00AF97C2 /* Assets.xcassets */; };
		82111F2C1D78664D00AF97C2 /* LaunchScreen.storyboard in Resources */ = {isa = PBXBuildFile; fileRef = 82111F2A1D78664D00AF97C2 /* LaunchScreen.storyboard */; };
/* End PBXBuildFile section */

/* Begin PBXFileReference section */
		82111F1B1D78664D00AF97C2 /* MappyCraps.app */ = {isa = PBXFileReference; explicitFileType = wrapper.application; includeInIndex = 0; path = MappyCraps.app; sourceTree = BUILT_PRODUCTS_DIR; };
		82111F1E1D78664D00AF97C2 /* AppDelegate.swift */ = {isa = PBXFileReference; lastKnownFileType = sourcecode.swift; path = AppDelegate.swift; sourceTree = "<group>"; };
		82111F201D78664D00AF97C2 /* ViewController.swift */ = {isa = PBXFileReference; lastKnownFileType = sourcecode.swift; path = ViewController.swift; sourceTree = "<group>"; };
		82111F231D78664D00AF97C2 /* Base */ = {isa = PBXFileReference; lastKnownFileType = file.storyboard; name = Base; path = Base.lproj/Main.storyboard; sourceTree = "<group>"; };
		82111F261D78664D00AF97C2 /* MappyCraps.xcdatamodel */ = {isa = PBXFileReference; lastKnownFileType = wrapper.xcdatamodel; path = MappyCraps.xcdatamodel; sourceTree = "<group>"; };
		82111F281D78664D00AF97C2 /* Assets.xcassets */ = {isa = PBXFileReference; lastKnownFileType = folder.assetcatalog; path = Assets.xcassets; sourceTree = "<group>"; };
		82111F2B1D78664D00AF97C2 /* Base */ = {isa = PBXFileReference; lastKnownFileType = file.storyboard; name = Base; path = Base.lproj/LaunchScreen.storyboard; sourceTree = "<group>"; };
		82111F2D1D78664D00AF97C2 /* Info.plist */ = {isa = PBXFileReference; lastKnownFileType = text.plist.xml; path = Info.plist; sourceTree = "<group>"; };
/* End PBXFileReference section */

/* Begin PBXFrameworksBuildPhase section */
		82111F181D78664D00AF97C2 /* Frameworks */ = {
			isa = PBXFrameworksBuildPhase;
			buildActionMask = 2147483647;
			files = (
			);
			runOnlyForDeploymentPostprocessing = 0;
		};
/* End PBXFrameworksBuildPhase section */

/* Begin PBXGroup section */
		82111F121D78664D00AF97C2 = {
			isa = PBXGroup;
			children = (
				82111F1D1D78664D00AF97C2 /* MappyCraps */,
				82111F1C1D78664D00AF97C2 /* Products */,
			);
			sourceTree = "<group>";
		};
		82111F1C1D78664D00AF97C2 /* Products */ = {
			isa = PBXGroup;
			children = (
				82111F1B1D78664D00AF97C2 /* MappyCraps.app */,
			);
			name = Products;
			sourceTree = "<group>";
		};
		82111F1D1D78664D00AF97C2 /* MappyCraps */ = {
			isa = PBXGroup;
			children = (
				82111F1E1D78664D00AF97C2 /* AppDelegate.swift */,
				82111F201D78664D00AF97C2 /* ViewController.swift */,
				82111F221D78664D00AF97C2 /* Main.storyboard */,
				82111F281D78664D00AF97C2 /* Assets.xcassets */,
				82111F2A1D78664D00AF97C2 /* LaunchScreen.storyboard */,
				82111F2D1D78664D00AF97C2 /* Info.plist */,
				82111F251D78664D00AF97C2 /* MappyCraps.xcdatamodeld */,
			);
			path = MappyCraps;
			sourceTree = "<group>";
		};
/* End PBXGroup section */

/* Begin PBXNativeTarget section */
		82111F1A1D78664D00AF97C2 /* MappyCraps */ = {
			isa = PBXNativeTarget;
			buildConfigurationList = 82111F301D78664D00AF97C2 /* Build configuration list for PBXNativeTarget "MappyCraps" */;
			buildPhases = (
				82111F171D78664D00AF97C2 /* Sources */,
				82111F181D78664D00AF97C2 /* Frameworks */,
				82111F191D78664D00AF97C2 /* Resources */,
			);
			buildRules = (
			);
			dependencies = (
			);
			name = MappyCraps;
			productName = MappyCraps;
			productReference = 82111F1B1D78664D00AF97C2 /* MappyCraps.app */;
			productType = "com.apple.product-type.application";
		};
/* End PBXNativeTarget section */

/* Begin PBXProject section */
		82111F131D78664D00AF97C2 /* Project object */ = {
			isa = PBXProject;
			attributes = {
				LastSwiftUpdateCheck = 0730;
				LastUpgradeCheck = 0730;
				ORGANIZATIONNAME = cercetalimited;
				TargetAttributes = {
					82111F1A1D78664D00AF97C2 = {
						CreatedOnToolsVersion = 7.3.1;
					};
				};
			};
			buildConfigurationList = 82111F161D78664D00AF97C2 /* Build configuration list for PBXProject "MappyCraps" */;
			compatibilityVersion = "Xcode 3.2";
			developmentRegion = English;
			hasScannedForEncodings = 0;
			knownRegions = (
				en,
				Base,
			);
			mainGroup = 82111F121D78664D00AF97C2;
			productRefGroup = 82111F1C1D78664D00AF97C2 /* Products */;
			projectDirPath = "";
			projectRoot = "";
			targets = (
				82111F1A1D78664D00AF97C2 /* MappyCraps */,
			);
		};
/* End PBXProject section */

/* Begin PBXResourcesBuildPhase section */
		82111F191D78664D00AF97C2 /* Resources */ = {
			isa = PBXResourcesBuildPhase;
			buildActionMask = 2147483647;
			files = (
				82111F2C1D78664D00AF97C2 /* LaunchScreen.storyboard in Resources */,
				82111F291D78664D00AF97C2 /* Assets.xcassets in Resources */,
				82111F241D78664D00AF97C2 /* Main.storyboard in Resources */,
			);
			runOnlyForDeploymentPostprocessing = 0;
		};
/* End PBXResourcesBuildPhase section */

/* Begin PBXSourcesBuildPhase section */
		82111F171D78664D00AF97C2 /* Sources */ = {
			isa = PBXSourcesBuildPhase;
			buildActionMask = 2147483647;
			files = (
				82111F211D78664D00AF97C2 /* ViewController.swift in Sources */,
				82111F271D78664D00AF97C2 /* MappyCraps.xcdatamodeld in Sources */,
				82111F1F1D78664D00AF97C2 /* AppDelegate.swift in Sources */,
			);
			runOnlyForDeploymentPostprocessing = 0;
		};
/* End PBXSourcesBuildPhase section */

/* Begin PBXVariantGroup section */
		82111F221D78664D00AF97C2 /* Main.storyboard */ = {
			isa = PBXVariantGroup;
			children = (
				82111F231D78664D00AF97C2 /* Base */,
			);
			name = Main.storyboard;
			sourceTree = "<group>";
		};
		82111F2A1D78664D00AF97C2 /* LaunchScreen.storyboard */ = {
			isa = PBXVariantGroup;
			children = (
				82111F2B1D78664D00AF97C2 /* Base */,
			);
			name = LaunchScreen.storyboard;
			sourceTree = "<group>";
		};
/* End PBXVariantGroup section */

/* Begin XCBuildConfiguration section */
		82111F2E1D78664D00AF97C2 /* Debug */ = {
			isa = XCBuildConfiguration;
			buildSettings = {
				ALWAYS_SEARCH_USER_PATHS = NO;
				CLANG_ANALYZER_NONNULL = YES;
				CLANG_CXX_LANGUAGE_STANDARD = "gnu++0x";
				CLANG_CXX_LIBRARY = "libc++";
				CLANG_ENABLE_MODULES = YES;
				CLANG_ENABLE_OBJC_ARC = YES;
				CLANG_WARN_BOOL_CONVERSION = YES;
				CLANG_WARN_CONSTANT_CONVERSION = YES;
				CLANG_WARN_DIRECT_OBJC_ISA_USAGE = YES_ERROR;
				CLANG_WARN_EMPTY_BODY = YES;
				CLANG_WARN_ENUM_CONVERSION = YES;
				CLANG_WARN_INT_CONVERSION = YES;
				CLANG_WARN_OBJC_ROOT_CLASS = YES_ERROR;
				CLANG_WARN_UNREACHABLE_CODE = YES;
				CLANG_WARN__DUPLICATE_METHOD_MATCH = YES;
				"CODE_SIGN_IDENTITY[sdk=iphoneos*]" = "iPhone Developer";
				COPY_PHASE_STRIP = NO;
				DEBUG_INFORMATION_FORMAT = dwarf;
				ENABLE_STRICT_OBJC_MSGSEND = YES;
				ENABLE_TESTABILITY = YES;
				GCC_C_LANGUAGE_STANDARD = gnu99;
				GCC_DYNAMIC_NO_PIC = NO;
				GCC_NO_COMMON_BLOCKS = YES;
				GCC_OPTIMIZATION_LEVEL = 0;
				GCC_PREPROCESSOR_DEFINITIONS = (
					"DEBUG=1",
					"$(inherited)",
				);
				GCC_WARN_64_TO_32_BIT_CONVERSION = YES;
				GCC_WARN_ABOUT_RETURN_TYPE = YES_ERROR;
				GCC_WARN_UNDECLARED_SELECTOR = YES;
				GCC_WARN_UNINITIALIZED_AUTOS = YES_AGGRESSIVE;
				GCC_WARN_UNUSED_FUNCTION = YES;
				GCC_WARN_UNUSED_VARIABLE = YES;
				IPHONEOS_DEPLOYMENT_TARGET = 9.3;
				MTL_ENABLE_DEBUG_INFO = YES;
				ONLY_ACTIVE_ARCH = YES;
				SDKROOT = iphoneos;
				SWIFT_OPTIMIZATION_LEVEL = "-Onone";
			};
			name = Debug;
		};
		82111F2F1D78664D00AF97C2 /* Release */ = {
			isa = XCBuildConfiguration;
			buildSettings = {
				ALWAYS_SEARCH_USER_PATHS = NO;
				CLANG_ANALYZER_NONNULL = YES;
				CLANG_CXX_LANGUAGE_STANDARD = "gnu++0x";
				CLANG_CXX_LIBRARY = "libc++";
				CLANG_ENABLE_MODULES = YES;
				CLANG_ENABLE_OBJC_ARC = YES;
				CLANG_WARN_BOOL_CONVERSION = YES;
				CLANG_WARN_CONSTANT_CONVERSION = YES;
				CLANG_WARN_DIRECT_OBJC_ISA_USAGE = YES_ERROR;
				CLANG_WARN_EMPTY_BODY = YES;
				CLANG_WARN_ENUM_CONVERSION = YES;
				CLANG_WARN_INT_CONVERSION = YES;
				CLANG_WARN_OBJC_ROOT_CLASS = YES_ERROR;
				CLANG_WARN_UNREACHABLE_CODE = YES;
				CLANG_WARN__DUPLICATE_METHOD_MATCH = YES;
				"CODE_SIGN_IDENTITY[sdk=iphoneos*]" = "iPhone Developer";
				COPY_PHASE_STRIP = NO;
				DEBUG_INFORMATION_FORMAT = "dwarf-with-dsym";
				ENABLE_NS_ASSERTIONS = NO;
				ENABLE_STRICT_OBJC_MSGSEND = YES;
				GCC_C_LANGUAGE_STANDARD = gnu99;
				GCC_NO_COMMON_BLOCKS = YES;
				GCC_WARN_64_TO_32_BIT_CONVERSION = YES;
				GCC_WARN_ABOUT_RETURN_TYPE = YES_ERROR;
				GCC_WARN_UNDECLARED_SELECTOR = YES;
				GCC_WARN_UNINITIALIZED_AUTOS = YES_AGGRESSIVE;
				GCC_WARN_UNUSED_FUNCTION = YES;
				GCC_WARN_UNUSED_VARIABLE = YES;
				IPHONEOS_DEPLOYMENT_TARGET = 9.3;
				MTL_ENABLE_DEBUG_INFO = NO;
				SDKROOT = iphoneos;
				VALIDATE_PRODUCT = YES;
			};
			name = Release;
		};
		82111F311D78664D00AF97C2 /* Debug */ = {
			isa = XCBuildConfiguration;
			buildSettings = {
				ASSETCATALOG_COMPILER_APPICON_NAME = AppIcon;
				INFOPLIST_FILE = MappyCraps/Info.plist;
				LD_RUNPATH_SEARCH_PATHS = "$(inherited) @executable_path/Frameworks";
				PRODUCT_BUNDLE_IDENTIFIER = co.uk.cerceta.MappyCraps;
				PRODUCT_NAME = "$(TARGET_NAME)";
			};
			name = Debug;
		};
		82111F321D78664D00AF97C2 /* Release */ = {
			isa = XCBuildConfiguration;
			buildSettings = {
				ASSETCATALOG_COMPILER_APPICON_NAME = AppIcon;
				INFOPLIST_FILE = MappyCraps/Info.plist;
				LD_RUNPATH_SEARCH_PATHS = "$(inherited) @executable_path/Frameworks";
				PRODUCT_BUNDLE_IDENTIFIER = co.uk.cerceta.MappyCraps;
				PRODUCT_NAME = "$(TARGET_NAME)";
			};
			name = Release;
		};
/* End XCBuildConfiguration section */

/* Begin XCConfigurationList section */
		82111F161D78664D00AF97C2 /* Build configuration list for PBXProject "MappyCraps" */ = {
			isa = XCConfigurationList;
			buildConfigurations = (
				82111F2E1D78664D00AF97C2 /* Debug */,
				82111F2F1D78664D00AF97C2 /* Release */,
			);
			defaultConfigurationIsVisible = 0;
			defaultConfigurationName = Release;
		};
		82111F301D78664D00AF97C2 /* Build configuration list for PBXNativeTarget "MappyCraps" */ = {
			isa = XCConfigurationList;
			buildConfigurations = (
				82111F311D78664D00AF97C2 /* Debug */,
				82111F321D78664D00AF97C2 /* Release */,
			);
			defaultConfigurationIsVisible = 0;
		};
/* End XCConfigurationList section */

/* Begin XCVersionGroup section */
		82111F251D78664D00AF97C2 /* MappyCraps.xcdatamodeld */ = {
			isa = XCVersionGroup;
			children = (
				82111F261D78664D00AF97C2 /* MappyCraps.xcdatamodel */,
			);
			currentVersion = 82111F261D78664D00AF97C2 /* MappyCraps.xcdatamodel */;
			path = MappyCraps.xcdatamodeld;
			sourceTree = "<group>";
			versionGroupType = wrapper.xcdatamodel;
		};
/* End XCVersionGroup section */
	};
	rootObject = 82111F131D78664D00AF97C2 /* Project object */;
}
